// !$*UTF8*$!
{
	archiveVersion = 1;
	classes = {
	};
	objectVersion = 46;
	objects = {

/* Begin PBXBuildFile section */
		05FA1DCB2BD999F3A37FFB86 /* libPods-PYNetwork.a in Frameworks */ = {isa = PBXBuildFile; fileRef = 9ED1CE22C9B79DA802953789 /* libPods-PYNetwork.a */; };
		AD9EB85F3E51D78367991DB6 /* libPods-PYNetworkTest.a in Frameworks */ = {isa = PBXBuildFile; fileRef = E11169588058D69AE19B8AAB /* libPods-PYNetworkTest.a */; };
		E66A095F1EB205690065E286 /* PYNetworkTest.m in Sources */ = {isa = PBXBuildFile; fileRef = E66A095E1EB205690065E286 /* PYNetworkTest.m */; };
		E66A09611EB205690065E286 /* libPYNetwork.a in Frameworks */ = {isa = PBXBuildFile; fileRef = E6FDC10E197F97A0005B4C72 /* libPYNetwork.a */; };
		E6A0B5261A7535A200240DEC /* PYReachability.m in Sources */ = {isa = PBXBuildFile; fileRef = E6A0B5251A7535A200240DEC /* PYReachability.m */; };
		E6A0B5271A75644500240DEC /* PYReachability.h in CopyFiles */ = {isa = PBXBuildFile; fileRef = E6A0B5241A7535A200240DEC /* PYReachability.h */; };
		E6FDC112197F97A0005B4C72 /* Foundation.framework in Frameworks */ = {isa = PBXBuildFile; fileRef = E6FDC111197F97A0005B4C72 /* Foundation.framework */; };
		E6FDC117197F97A0005B4C72 /* PYNetwork.h in CopyFiles */ = {isa = PBXBuildFile; fileRef = E6FDC116197F97A0005B4C72 /* PYNetwork.h */; };
		E6FDC139197F97C2005B4C72 /* PYDomainSwitcher.m in Sources */ = {isa = PBXBuildFile; fileRef = E6FDC138197F97C2005B4C72 /* PYDomainSwitcher.m */; };
		E6FDC13C197FAA64005B4C72 /* PYApiRequest.m in Sources */ = {isa = PBXBuildFile; fileRef = E6FDC13B197FAA64005B4C72 /* PYApiRequest.m */; };
		E6FDC13F1980E6B0005B4C72 /* PYApiResponse.m in Sources */ = {isa = PBXBuildFile; fileRef = E6FDC13E1980E6B0005B4C72 /* PYApiResponse.m */; };
		E6FDC1421980E6B9005B4C72 /* PYApiManager.m in Sources */ = {isa = PBXBuildFile; fileRef = E6FDC1411980E6B9005B4C72 /* PYApiManager.m */; };
		E6FDC1431980E8C7005B4C72 /* PYDomainSwitcher.h in CopyFiles */ = {isa = PBXBuildFile; fileRef = E6FDC137197F97C2005B4C72 /* PYDomainSwitcher.h */; };
		E6FDC1441980E8CA005B4C72 /* PYApiRequest.h in CopyFiles */ = {isa = PBXBuildFile; fileRef = E6FDC13A197FAA64005B4C72 /* PYApiRequest.h */; };
		E6FDC1451980E8CD005B4C72 /* PYApiResponse.h in CopyFiles */ = {isa = PBXBuildFile; fileRef = E6FDC13D1980E6B0005B4C72 /* PYApiResponse.h */; };
		E6FDC1461980E8D1005B4C72 /* PYApiManager.h in CopyFiles */ = {isa = PBXBuildFile; fileRef = E6FDC1401980E6B9005B4C72 /* PYApiManager.h */; };
/* End PBXBuildFile section */

/* Begin PBXContainerItemProxy section */
		E66A09621EB205690065E286 /* PBXContainerItemProxy */ = {
			isa = PBXContainerItemProxy;
			containerPortal = E6FDC106197F97A0005B4C72 /* Project object */;
			proxyType = 1;
			remoteGlobalIDString = E6FDC10D197F97A0005B4C72;
			remoteInfo = PYNetwork;
		};
/* End PBXContainerItemProxy section */

/* Begin PBXCopyFilesBuildPhase section */
		E6FDC10C197F97A0005B4C72 /* CopyFiles */ = {
			isa = PBXCopyFilesBuildPhase;
			buildActionMask = 2147483647;
			dstPath = usr/local/include;
			dstSubfolderSpec = 16;
			files = (
				E6FDC1461980E8D1005B4C72 /* PYApiManager.h in CopyFiles */,
				E6FDC1451980E8CD005B4C72 /* PYApiResponse.h in CopyFiles */,
				E6FDC1441980E8CA005B4C72 /* PYApiRequest.h in CopyFiles */,
				E6FDC1431980E8C7005B4C72 /* PYDomainSwitcher.h in CopyFiles */,
				E6FDC117197F97A0005B4C72 /* PYNetwork.h in CopyFiles */,
				E6A0B5271A75644500240DEC /* PYReachability.h in CopyFiles */,
			);
			runOnlyForDeploymentPostprocessing = 0;
		};
/* End PBXCopyFilesBuildPhase section */

/* Begin PBXFileReference section */
		365D57B73B2DC6C82F51C50B /* Pods-PYNetwork.debug.xcconfig */ = {isa = PBXFileReference; includeInIndex = 1; lastKnownFileType = text.xcconfig; name = "Pods-PYNetwork.debug.xcconfig"; path = "Pods/Target Support Files/Pods-PYNetwork/Pods-PYNetwork.debug.xcconfig"; sourceTree = "<group>"; };
		9ED1CE22C9B79DA802953789 /* libPods-PYNetwork.a */ = {isa = PBXFileReference; explicitFileType = archive.ar; includeInIndex = 0; path = "libPods-PYNetwork.a"; sourceTree = BUILT_PRODUCTS_DIR; };
		D3D66E379AD9828A6DB45629 /* Pods-PYNetworkTest.release.xcconfig */ = {isa = PBXFileReference; includeInIndex = 1; lastKnownFileType = text.xcconfig; name = "Pods-PYNetworkTest.release.xcconfig"; path = "Pods/Target Support Files/Pods-PYNetworkTest/Pods-PYNetworkTest.release.xcconfig"; sourceTree = "<group>"; };
		D9B21FB8155C288937153AEC /* Pods-PYNetworkTest.debug.xcconfig */ = {isa = PBXFileReference; includeInIndex = 1; lastKnownFileType = text.xcconfig; name = "Pods-PYNetworkTest.debug.xcconfig"; path = "Pods/Target Support Files/Pods-PYNetworkTest/Pods-PYNetworkTest.debug.xcconfig"; sourceTree = "<group>"; };
		E0C4E2E7CE71637336D09C38 /* Pods-PYNetwork.release.xcconfig */ = {isa = PBXFileReference; includeInIndex = 1; lastKnownFileType = text.xcconfig; name = "Pods-PYNetwork.release.xcconfig"; path = "Pods/Target Support Files/Pods-PYNetwork/Pods-PYNetwork.release.xcconfig"; sourceTree = "<group>"; };
		E11169588058D69AE19B8AAB /* libPods-PYNetworkTest.a */ = {isa = PBXFileReference; explicitFileType = archive.ar; includeInIndex = 0; path = "libPods-PYNetworkTest.a"; sourceTree = BUILT_PRODUCTS_DIR; };
		E66A095C1EB205690065E286 /* PYNetworkTest.xctest */ = {isa = PBXFileReference; explicitFileType = wrapper.cfbundle; includeInIndex = 0; path = PYNetworkTest.xctest; sourceTree = BUILT_PRODUCTS_DIR; };
		E66A095E1EB205690065E286 /* PYNetworkTest.m */ = {isa = PBXFileReference; lastKnownFileType = sourcecode.c.objc; path = PYNetworkTest.m; sourceTree = "<group>"; };
		E66A09601EB205690065E286 /* Info.plist */ = {isa = PBXFileReference; lastKnownFileType = text.plist.xml; path = Info.plist; sourceTree = "<group>"; };
		E66A09671EB206D50065E286 /* libsqlite3.tbd */ = {isa = PBXFileReference; lastKnownFileType = "sourcecode.text-based-dylib-definition"; name = libsqlite3.tbd; path = usr/lib/libsqlite3.tbd; sourceTree = SDKROOT; };
		E6A0B5241A7535A200240DEC /* PYReachability.h */ = {isa = PBXFileReference; fileEncoding = 4; lastKnownFileType = sourcecode.c.h; path = PYReachability.h; sourceTree = "<group>"; };
		E6A0B5251A7535A200240DEC /* PYReachability.m */ = {isa = PBXFileReference; fileEncoding = 4; lastKnownFileType = sourcecode.c.objc; path = PYReachability.m; sourceTree = "<group>"; };
		E6FDC10E197F97A0005B4C72 /* libPYNetwork.a */ = {isa = PBXFileReference; explicitFileType = archive.ar; includeInIndex = 0; path = libPYNetwork.a; sourceTree = BUILT_PRODUCTS_DIR; };
		E6FDC111197F97A0005B4C72 /* Foundation.framework */ = {isa = PBXFileReference; lastKnownFileType = wrapper.framework; name = Foundation.framework; path = System/Library/Frameworks/Foundation.framework; sourceTree = SDKROOT; };
		E6FDC115197F97A0005B4C72 /* PYNetwork-Prefix.pch */ = {isa = PBXFileReference; lastKnownFileType = sourcecode.c.h; path = "PYNetwork-Prefix.pch"; sourceTree = "<group>"; };
		E6FDC116197F97A0005B4C72 /* PYNetwork.h */ = {isa = PBXFileReference; lastKnownFileType = sourcecode.c.h; path = PYNetwork.h; sourceTree = "<group>"; };
		E6FDC11F197F97A0005B4C72 /* XCTest.framework */ = {isa = PBXFileReference; lastKnownFileType = wrapper.framework; name = XCTest.framework; path = Library/Frameworks/XCTest.framework; sourceTree = DEVELOPER_DIR; };
		E6FDC122197F97A0005B4C72 /* UIKit.framework */ = {isa = PBXFileReference; lastKnownFileType = wrapper.framework; name = UIKit.framework; path = Library/Frameworks/UIKit.framework; sourceTree = DEVELOPER_DIR; };
		E6FDC137197F97C2005B4C72 /* PYDomainSwitcher.h */ = {isa = PBXFileReference; fileEncoding = 4; lastKnownFileType = sourcecode.c.h; path = PYDomainSwitcher.h; sourceTree = "<group>"; };
		E6FDC138197F97C2005B4C72 /* PYDomainSwitcher.m */ = {isa = PBXFileReference; fileEncoding = 4; lastKnownFileType = sourcecode.c.objc; path = PYDomainSwitcher.m; sourceTree = "<group>"; };
		E6FDC13A197FAA64005B4C72 /* PYApiRequest.h */ = {isa = PBXFileReference; fileEncoding = 4; lastKnownFileType = sourcecode.c.h; path = PYApiRequest.h; sourceTree = "<group>"; };
		E6FDC13B197FAA64005B4C72 /* PYApiRequest.m */ = {isa = PBXFileReference; fileEncoding = 4; lastKnownFileType = sourcecode.c.objc; path = PYApiRequest.m; sourceTree = "<group>"; };
		E6FDC13D1980E6B0005B4C72 /* PYApiResponse.h */ = {isa = PBXFileReference; fileEncoding = 4; lastKnownFileType = sourcecode.c.h; path = PYApiResponse.h; sourceTree = "<group>"; };
		E6FDC13E1980E6B0005B4C72 /* PYApiResponse.m */ = {isa = PBXFileReference; fileEncoding = 4; lastKnownFileType = sourcecode.c.objc; path = PYApiResponse.m; sourceTree = "<group>"; };
		E6FDC1401980E6B9005B4C72 /* PYApiManager.h */ = {isa = PBXFileReference; fileEncoding = 4; lastKnownFileType = sourcecode.c.h; path = PYApiManager.h; sourceTree = "<group>"; };
		E6FDC1411980E6B9005B4C72 /* PYApiManager.m */ = {isa = PBXFileReference; fileEncoding = 4; lastKnownFileType = sourcecode.c.objc; path = PYApiManager.m; sourceTree = "<group>"; };
/* End PBXFileReference section */

/* Begin PBXFrameworksBuildPhase section */
		E66A09591EB205690065E286 /* Frameworks */ = {
			isa = PBXFrameworksBuildPhase;
			buildActionMask = 2147483647;
			files = (
				E66A09611EB205690065E286 /* libPYNetwork.a in Frameworks */,
				AD9EB85F3E51D78367991DB6 /* libPods-PYNetworkTest.a in Frameworks */,
			);
			runOnlyForDeploymentPostprocessing = 0;
		};
		E6FDC10B197F97A0005B4C72 /* Frameworks */ = {
			isa = PBXFrameworksBuildPhase;
			buildActionMask = 2147483647;
			files = (
				E6FDC112197F97A0005B4C72 /* Foundation.framework in Frameworks */,
				05FA1DCB2BD999F3A37FFB86 /* libPods-PYNetwork.a in Frameworks */,
			);
			runOnlyForDeploymentPostprocessing = 0;
		};
/* End PBXFrameworksBuildPhase section */

/* Begin PBXGroup section */
		D86F20E731870240F7C26ACA /* Pods */ = {
			isa = PBXGroup;
			children = (
				365D57B73B2DC6C82F51C50B /* Pods-PYNetwork.debug.xcconfig */,
				E0C4E2E7CE71637336D09C38 /* Pods-PYNetwork.release.xcconfig */,
				D9B21FB8155C288937153AEC /* Pods-PYNetworkTest.debug.xcconfig */,
				D3D66E379AD9828A6DB45629 /* Pods-PYNetworkTest.release.xcconfig */,
			);
			name = Pods;
			sourceTree = "<group>";
		};
		E66A095D1EB205690065E286 /* PYNetworkTest */ = {
			isa = PBXGroup;
			children = (
				E66A095E1EB205690065E286 /* PYNetworkTest.m */,
				E66A09601EB205690065E286 /* Info.plist */,
			);
			path = PYNetworkTest;
			sourceTree = "<group>";
		};
		E6FDC105197F97A0005B4C72 = {
			isa = PBXGroup;
			children = (
				E6FDC113197F97A0005B4C72 /* PYNetwork */,
				E66A095D1EB205690065E286 /* PYNetworkTest */,
				E6FDC110197F97A0005B4C72 /* Frameworks */,
				E6FDC10F197F97A0005B4C72 /* Products */,
				D86F20E731870240F7C26ACA /* Pods */,
			);
			sourceTree = "<group>";
		};
		E6FDC10F197F97A0005B4C72 /* Products */ = {
			isa = PBXGroup;
			children = (
				E6FDC10E197F97A0005B4C72 /* libPYNetwork.a */,
				E66A095C1EB205690065E286 /* PYNetworkTest.xctest */,
			);
			name = Products;
			sourceTree = "<group>";
		};
		E6FDC110197F97A0005B4C72 /* Frameworks */ = {
			isa = PBXGroup;
			children = (
				E66A09671EB206D50065E286 /* libsqlite3.tbd */,
				E6FDC111197F97A0005B4C72 /* Foundation.framework */,
				E6FDC11F197F97A0005B4C72 /* XCTest.framework */,
				E6FDC122197F97A0005B4C72 /* UIKit.framework */,
				9ED1CE22C9B79DA802953789 /* libPods-PYNetwork.a */,
				E11169588058D69AE19B8AAB /* libPods-PYNetworkTest.a */,
			);
			name = Frameworks;
			sourceTree = "<group>";
		};
		E6FDC113197F97A0005B4C72 /* PYNetwork */ = {
			isa = PBXGroup;
			children = (
				E6FDC116197F97A0005B4C72 /* PYNetwork.h */,
				E6FDC137197F97C2005B4C72 /* PYDomainSwitcher.h */,
				E6FDC138197F97C2005B4C72 /* PYDomainSwitcher.m */,
				E6FDC13A197FAA64005B4C72 /* PYApiRequest.h */,
				E6FDC13B197FAA64005B4C72 /* PYApiRequest.m */,
				E6FDC13D1980E6B0005B4C72 /* PYApiResponse.h */,
				E6FDC13E1980E6B0005B4C72 /* PYApiResponse.m */,
				E6FDC1401980E6B9005B4C72 /* PYApiManager.h */,
				E6FDC1411980E6B9005B4C72 /* PYApiManager.m */,
				E6FDC114197F97A0005B4C72 /* Supporting Files */,
				E6A0B5241A7535A200240DEC /* PYReachability.h */,
				E6A0B5251A7535A200240DEC /* PYReachability.m */,
			);
			path = PYNetwork;
			sourceTree = "<group>";
		};
		E6FDC114197F97A0005B4C72 /* Supporting Files */ = {
			isa = PBXGroup;
			children = (
				E6FDC115197F97A0005B4C72 /* PYNetwork-Prefix.pch */,
			);
			name = "Supporting Files";
			sourceTree = "<group>";
		};
/* End PBXGroup section */

/* Begin PBXNativeTarget section */
		E66A095B1EB205690065E286 /* PYNetworkTest */ = {
			isa = PBXNativeTarget;
			buildConfigurationList = E66A09661EB205690065E286 /* Build configuration list for PBXNativeTarget "PYNetworkTest" */;
			buildPhases = (
				956A9900FCC9DCCAFD54EC03 /* [CP] Check Pods Manifest.lock */,
				E66A09581EB205690065E286 /* Sources */,
				E66A09591EB205690065E286 /* Frameworks */,
				E66A095A1EB205690065E286 /* Resources */,
				68398A4CB210E646CEF25D23 /* [CP] Embed Pods Frameworks */,
				A953BDBA597EA8A68F20F74A /* [CP] Copy Pods Resources */,
			);
			buildRules = (
			);
			dependencies = (
				E66A09631EB205690065E286 /* PBXTargetDependency */,
			);
			name = PYNetworkTest;
			productName = PYNetworkTest;
			productReference = E66A095C1EB205690065E286 /* PYNetworkTest.xctest */;
			productType = "com.apple.product-type.bundle.unit-test";
		};
		E6FDC10D197F97A0005B4C72 /* PYNetwork */ = {
			isa = PBXNativeTarget;
			buildConfigurationList = E6FDC131197F97A0005B4C72 /* Build configuration list for PBXNativeTarget "PYNetwork" */;
			buildPhases = (
				90E00505324C9E193654D17A /* [CP] Check Pods Manifest.lock */,
				E6FDC10A197F97A0005B4C72 /* Sources */,
				E6FDC10B197F97A0005B4C72 /* Frameworks */,
				E6FDC10C197F97A0005B4C72 /* CopyFiles */,
				01D391314D883531D8F963A2 /* [CP] Copy Pods Resources */,
			);
			buildRules = (
			);
			dependencies = (
			);
			name = PYNetwork;
			productName = PYNetwork;
			productReference = E6FDC10E197F97A0005B4C72 /* libPYNetwork.a */;
			productType = "com.apple.product-type.library.static";
		};
/* End PBXNativeTarget section */

/* Begin PBXProject section */
		E6FDC106197F97A0005B4C72 /* Project object */ = {
			isa = PBXProject;
			attributes = {
				LastUpgradeCheck = 0510;
				ORGANIZATIONNAME = PushLab;
				TargetAttributes = {
					E66A095B1EB205690065E286 = {
						CreatedOnToolsVersion = 8.3.1;
						DevelopmentTeam = VT7263HWQT;
						ProvisioningStyle = Automatic;
					};
				};
			};
			buildConfigurationList = E6FDC109197F97A0005B4C72 /* Build configuration list for PBXProject "PYNetwork" */;
			compatibilityVersion = "Xcode 3.2";
			developmentRegion = English;
			hasScannedForEncodings = 0;
			knownRegions = (
				en,
			);
			mainGroup = E6FDC105197F97A0005B4C72;
			productRefGroup = E6FDC10F197F97A0005B4C72 /* Products */;
			projectDirPath = "";
			projectRoot = "";
			targets = (
				E6FDC10D197F97A0005B4C72 /* PYNetwork */,
				E66A095B1EB205690065E286 /* PYNetworkTest */,
			);
		};
/* End PBXProject section */

/* Begin PBXResourcesBuildPhase section */
		E66A095A1EB205690065E286 /* Resources */ = {
			isa = PBXResourcesBuildPhase;
			buildActionMask = 2147483647;
			files = (
			);
			runOnlyForDeploymentPostprocessing = 0;
		};
/* End PBXResourcesBuildPhase section */

/* Begin PBXShellScriptBuildPhase section */
		01D391314D883531D8F963A2 /* [CP] Copy Pods Resources */ = {
			isa = PBXShellScriptBuildPhase;
			buildActionMask = 2147483647;
			files = (
			);
			inputPaths = (
			);
			name = "[CP] Copy Pods Resources";
			outputPaths = (
			);
			runOnlyForDeploymentPostprocessing = 0;
			shellPath = /bin/sh;
			shellScript = "\"${SRCROOT}/Pods/Target Support Files/Pods-PYNetwork/Pods-PYNetwork-resources.sh\"\n";
			showEnvVarsInLog = 0;
		};
		68398A4CB210E646CEF25D23 /* [CP] Embed Pods Frameworks */ = {
			isa = PBXShellScriptBuildPhase;
			buildActionMask = 2147483647;
			files = (
			);
			inputPaths = (
			);
			name = "[CP] Embed Pods Frameworks";
			outputPaths = (
			);
			runOnlyForDeploymentPostprocessing = 0;
			shellPath = /bin/sh;
			shellScript = "\"${SRCROOT}/Pods/Target Support Files/Pods-PYNetworkTest/Pods-PYNetworkTest-frameworks.sh\"\n";
			showEnvVarsInLog = 0;
		};
		90E00505324C9E193654D17A /* [CP] Check Pods Manifest.lock */ = {
			isa = PBXShellScriptBuildPhase;
			buildActionMask = 2147483647;
			files = (
			);
			inputPaths = (
			);
			name = "[CP] Check Pods Manifest.lock";
			outputPaths = (
			);
			runOnlyForDeploymentPostprocessing = 0;
			shellPath = /bin/sh;
			shellScript = "diff \"${PODS_PODFILE_DIR_PATH}/Podfile.lock\" \"${PODS_ROOT}/Manifest.lock\" > /dev/null\nif [ $? != 0 ] ; then\n    # print error to STDERR\n    echo \"error: The sandbox is not in sync with the Podfile.lock. Run 'pod install' or update your CocoaPods installation.\" >&2\n    exit 1\nfi\n";
			showEnvVarsInLog = 0;
		};
		956A9900FCC9DCCAFD54EC03 /* [CP] Check Pods Manifest.lock */ = {
			isa = PBXShellScriptBuildPhase;
			buildActionMask = 2147483647;
			files = (
			);
			inputPaths = (
			);
			name = "[CP] Check Pods Manifest.lock";
			outputPaths = (
			);
			runOnlyForDeploymentPostprocessing = 0;
			shellPath = /bin/sh;
			shellScript = "diff \"${PODS_PODFILE_DIR_PATH}/Podfile.lock\" \"${PODS_ROOT}/Manifest.lock\" > /dev/null\nif [ $? != 0 ] ; then\n    # print error to STDERR\n    echo \"error: The sandbox is not in sync with the Podfile.lock. Run 'pod install' or update your CocoaPods installation.\" >&2\n    exit 1\nfi\n";
			showEnvVarsInLog = 0;
		};
		A953BDBA597EA8A68F20F74A /* [CP] Copy Pods Resources */ = {
			isa = PBXShellScriptBuildPhase;
			buildActionMask = 2147483647;
			files = (
			);
			inputPaths = (
			);
			name = "[CP] Copy Pods Resources";
			outputPaths = (
			);
			runOnlyForDeploymentPostprocessing = 0;
			shellPath = /bin/sh;
			shellScript = "\"${SRCROOT}/Pods/Target Support Files/Pods-PYNetworkTest/Pods-PYNetworkTest-resources.sh\"\n";
			showEnvVarsInLog = 0;
		};
/* End PBXShellScriptBuildPhase section */

/* Begin PBXSourcesBuildPhase section */
		E66A09581EB205690065E286 /* Sources */ = {
			isa = PBXSourcesBuildPhase;
			buildActionMask = 2147483647;
			files = (
				E66A095F1EB205690065E286 /* PYNetworkTest.m in Sources */,
			);
			runOnlyForDeploymentPostprocessing = 0;
		};
		E6FDC10A197F97A0005B4C72 /* Sources */ = {
			isa = PBXSourcesBuildPhase;
			buildActionMask = 2147483647;
			files = (
				E6FDC13F1980E6B0005B4C72 /* PYApiResponse.m in Sources */,
				E6FDC13C197FAA64005B4C72 /* PYApiRequest.m in Sources */,
				E6FDC139197F97C2005B4C72 /* PYDomainSwitcher.m in Sources */,
				E6A0B5261A7535A200240DEC /* PYReachability.m in Sources */,
				E6FDC1421980E6B9005B4C72 /* PYApiManager.m in Sources */,
			);
			runOnlyForDeploymentPostprocessing = 0;
		};
/* End PBXSourcesBuildPhase section */

/* Begin PBXTargetDependency section */
		E66A09631EB205690065E286 /* PBXTargetDependency */ = {
			isa = PBXTargetDependency;
			target = E6FDC10D197F97A0005B4C72 /* PYNetwork */;
			targetProxy = E66A09621EB205690065E286 /* PBXContainerItemProxy */;
		};
/* End PBXTargetDependency section */

/* Begin XCBuildConfiguration section */
		E66A09641EB205690065E286 /* Debug */ = {
			isa = XCBuildConfiguration;
			baseConfigurationReference = D9B21FB8155C288937153AEC /* Pods-PYNetworkTest.debug.xcconfig */;
			buildSettings = {
				CLANG_ANALYZER_NONNULL = YES;
				CLANG_ANALYZER_NUMBER_OBJECT_CONVERSION = YES_AGGRESSIVE;
				CLANG_WARN_DOCUMENTATION_COMMENTS = YES;
				CLANG_WARN_INFINITE_RECURSION = YES;
				CLANG_WARN_SUSPICIOUS_MOVE = YES;
				CLANG_WARN_UNREACHABLE_CODE = YES;
				"CODE_SIGN_IDENTITY[sdk=iphoneos*]" = "iPhone Developer";
				DEBUG_INFORMATION_FORMAT = dwarf;
				DEVELOPMENT_TEAM = VT7263HWQT;
				ENABLE_STRICT_OBJC_MSGSEND = YES;
				ENABLE_TESTABILITY = YES;
				GCC_NO_COMMON_BLOCKS = YES;
				INFOPLIST_FILE = PYNetworkTest/Info.plist;
				IPHONEOS_DEPLOYMENT_TARGET = 10.3;
				LD_RUNPATH_SEARCH_PATHS = "$(inherited) @executable_path/Frameworks @loader_path/Frameworks";
				MTL_ENABLE_DEBUG_INFO = YES;
				PRODUCT_BUNDLE_IDENTIFIER = com.pushlab.PYNetworkTest;
				PRODUCT_NAME = "$(TARGET_NAME)";
			};
			name = Debug;
		};
		E66A09651EB205690065E286 /* Release */ = {
			isa = XCBuildConfiguration;
			baseConfigurationReference = D3D66E379AD9828A6DB45629 /* Pods-PYNetworkTest.release.xcconfig */;
			buildSettings = {
				CLANG_ANALYZER_NONNULL = YES;
				CLANG_ANALYZER_NUMBER_OBJECT_CONVERSION = YES_AGGRESSIVE;
				CLANG_WARN_DOCUMENTATION_COMMENTS = YES;
				CLANG_WARN_INFINITE_RECURSION = YES;
				CLANG_WARN_SUSPICIOUS_MOVE = YES;
				CLANG_WARN_UNREACHABLE_CODE = YES;
				"CODE_SIGN_IDENTITY[sdk=iphoneos*]" = "iPhone Developer";
				COPY_PHASE_STRIP = NO;
				DEBUG_INFORMATION_FORMAT = "dwarf-with-dsym";
				DEVELOPMENT_TEAM = VT7263HWQT;
				ENABLE_STRICT_OBJC_MSGSEND = YES;
				GCC_NO_COMMON_BLOCKS = YES;
				INFOPLIST_FILE = PYNetworkTest/Info.plist;
				IPHONEOS_DEPLOYMENT_TARGET = 10.3;
				LD_RUNPATH_SEARCH_PATHS = "$(inherited) @executable_path/Frameworks @loader_path/Frameworks";
				MTL_ENABLE_DEBUG_INFO = NO;
				PRODUCT_BUNDLE_IDENTIFIER = com.pushlab.PYNetworkTest;
				PRODUCT_NAME = "$(TARGET_NAME)";
			};
			name = Release;
		};
		E6FDC12F197F97A0005B4C72 /* Debug */ = {
			isa = XCBuildConfiguration;
			buildSettings = {
				ALWAYS_SEARCH_USER_PATHS = NO;
				CLANG_CXX_LANGUAGE_STANDARD = "gnu++0x";
				CLANG_CXX_LIBRARY = "libc++";
				CLANG_ENABLE_MODULES = YES;
				CLANG_ENABLE_OBJC_ARC = YES;
				CLANG_WARN_BOOL_CONVERSION = YES;
				CLANG_WARN_CONSTANT_CONVERSION = YES;
				CLANG_WARN_DIRECT_OBJC_ISA_USAGE = YES_ERROR;
				CLANG_WARN_EMPTY_BODY = YES;
				CLANG_WARN_ENUM_CONVERSION = YES;
				CLANG_WARN_INT_CONVERSION = YES;
				CLANG_WARN_OBJC_ROOT_CLASS = YES_ERROR;
				CLANG_WARN__DUPLICATE_METHOD_MATCH = YES;
				COPY_PHASE_STRIP = NO;
				GCC_C_LANGUAGE_STANDARD = gnu99;
				GCC_DYNAMIC_NO_PIC = NO;
				GCC_OPTIMIZATION_LEVEL = 0;
				GCC_PREPROCESSOR_DEFINITIONS = (
					"DEBUG=1",
					"$(inherited)",
				);
				GCC_SYMBOLS_PRIVATE_EXTERN = NO;
				GCC_WARN_64_TO_32_BIT_CONVERSION = YES;
				GCC_WARN_ABOUT_RETURN_TYPE = YES_ERROR;
				GCC_WARN_UNDECLARED_SELECTOR = YES;
				GCC_WARN_UNINITIALIZED_AUTOS = YES_AGGRESSIVE;
				GCC_WARN_UNUSED_FUNCTION = YES;
				GCC_WARN_UNUSED_VARIABLE = YES;
				IPHONEOS_DEPLOYMENT_TARGET = 7.1;
				ONLY_ACTIVE_ARCH = YES;
				SDKROOT = iphoneos;
			};
			name = Debug;
		};
		E6FDC130197F97A0005B4C72 /* Release */ = {
			isa = XCBuildConfiguration;
			buildSettings = {
				ALWAYS_SEARCH_USER_PATHS = NO;
				CLANG_CXX_LANGUAGE_STANDARD = "gnu++0x";
				CLANG_CXX_LIBRARY = "libc++";
				CLANG_ENABLE_MODULES = YES;
				CLANG_ENABLE_OBJC_ARC = YES;
				CLANG_WARN_BOOL_CONVERSION = YES;
				CLANG_WARN_CONSTANT_CONVERSION = YES;
				CLANG_WARN_DIRECT_OBJC_ISA_USAGE = YES_ERROR;
				CLANG_WARN_EMPTY_BODY = YES;
				CLANG_WARN_ENUM_CONVERSION = YES;
				CLANG_WARN_INT_CONVERSION = YES;
				CLANG_WARN_OBJC_ROOT_CLASS = YES_ERROR;
				CLANG_WARN__DUPLICATE_METHOD_MATCH = YES;
				COPY_PHASE_STRIP = YES;
				ENABLE_NS_ASSERTIONS = NO;
				GCC_C_LANGUAGE_STANDARD = gnu99;
				GCC_WARN_64_TO_32_BIT_CONVERSION = YES;
				GCC_WARN_ABOUT_RETURN_TYPE = YES_ERROR;
				GCC_WARN_UNDECLARED_SELECTOR = YES;
				GCC_WARN_UNINITIALIZED_AUTOS = YES_AGGRESSIVE;
				GCC_WARN_UNUSED_FUNCTION = YES;
				GCC_WARN_UNUSED_VARIABLE = YES;
				IPHONEOS_DEPLOYMENT_TARGET = 7.1;
				SDKROOT = iphoneos;
				VALIDATE_PRODUCT = YES;
			};
			name = Release;
		};
		E6FDC132197F97A0005B4C72 /* Debug */ = {
			isa = XCBuildConfiguration;
			baseConfigurationReference = 365D57B73B2DC6C82F51C50B /* Pods-PYNetwork.debug.xcconfig */;
			buildSettings = {
				DSTROOT = /tmp/PYNetwork.dst;
				GCC_PRECOMPILE_PREFIX_HEADER = YES;
				GCC_PREFIX_HEADER = "PYNetwork/PYNetwork-Prefix.pch";
				OTHER_LDFLAGS = "$(inherited)";
				PRODUCT_NAME = "$(TARGET_NAME)";
				SKIP_INSTALL = YES;
			};
			name = Debug;
		};
		E6FDC133197F97A0005B4C72 /* Release */ = {
			isa = XCBuildConfiguration;
			baseConfigurationReference = E0C4E2E7CE71637336D09C38 /* Pods-PYNetwork.release.xcconfig */;
			buildSettings = {
				DSTROOT = /tmp/PYNetwork.dst;
				GCC_PRECOMPILE_PREFIX_HEADER = YES;
				GCC_PREFIX_HEADER = "PYNetwork/PYNetwork-Prefix.pch";
				OTHER_LDFLAGS = "$(inherited)";
				PRODUCT_NAME = "$(TARGET_NAME)";
				SKIP_INSTALL = YES;
			};
			name = Release;
		};
/* End XCBuildConfiguration section */

/* Begin XCConfigurationList section */
		E66A09661EB205690065E286 /* Build configuration list for PBXNativeTarget "PYNetworkTest" */ = {
			isa = XCConfigurationList;
			buildConfigurations = (
				E66A09641EB205690065E286 /* Debug */,
				E66A09651EB205690065E286 /* Release */,
			);
			defaultConfigurationIsVisible = 0;
			defaultConfigurationName = Release;
		};
		E6FDC109197F97A0005B4C72 /* Build configuration list for PBXProject "PYNetwork" */ = {
			isa = XCConfigurationList;
			buildConfigurations = (
				E6FDC12F197F97A0005B4C72 /* Debug */,
				E6FDC130197F97A0005B4C72 /* Release */,
			);
			defaultConfigurationIsVisible = 0;
			defaultConfigurationName = Release;
		};
		E6FDC131197F97A0005B4C72 /* Build configuration list for PBXNativeTarget "PYNetwork" */ = {
			isa = XCConfigurationList;
			buildConfigurations = (
				E6FDC132197F97A0005B4C72 /* Debug */,
				E6FDC133197F97A0005B4C72 /* Release */,
			);
			defaultConfigurationIsVisible = 0;
			defaultConfigurationName = Release;
		};
/* End XCConfigurationList section */
	};
	rootObject = E6FDC106197F97A0005B4C72 /* Project object */;
}
