<?xml version="1.0" encoding="UTF-8"?>
<!DOCTYPE plist PUBLIC "-//Apple//DTD PLIST 1.0//EN" "http://www.apple.com/DTDs/PropertyList-1.0.dtd">
<plist version="1.0">
<dict>
	<key>archiveVersion</key>
	<string>1</string>
	<key>classes</key>
	<dict/>
	<key>objectVersion</key>
	<string>46</string>
	<key>objects</key>
	<dict>
		<key>073C32FA5FB6CC53E3C62763</key>
		<dict>
			<key>buildActionMask</key>
			<string>2147483647</string>
			<key>files</key>
			<array/>
			<key>inputPaths</key>
			<array/>
			<key>isa</key>
			<string>PBXShellScriptBuildPhase</string>
			<key>name</key>
			<string>Check Pods Manifest.lock</string>
			<key>outputPaths</key>
			<array/>
			<key>runOnlyForDeploymentPostprocessing</key>
			<string>0</string>
			<key>shellPath</key>
			<string>/bin/sh</string>
			<key>shellScript</key>
			<string>diff "${PODS_ROOT}/../Podfile.lock" "${PODS_ROOT}/Manifest.lock" &gt; /dev/null
if [[ $? != 0 ]] ; then
    cat &lt;&lt; EOM
error: The sandbox is not in sync with the Podfile.lock. Run 'pod install' or update your CocoaPods installation.
EOM
    exit 1
fi
</string>
			<key>showEnvVarsInLog</key>
			<string>0</string>
		</dict>
		<key>0EC23CFC332ECE2026310D58</key>
		<dict>
			<key>fileRef</key>
			<string>8639A4C9ECB3609B5B954178</string>
			<key>isa</key>
			<string>PBXBuildFile</string>
		</dict>
		<key>32929CC550F1752EB851F07F</key>
		<dict>
			<key>includeInIndex</key>
			<string>1</string>
			<key>isa</key>
			<string>PBXFileReference</string>
			<key>lastKnownFileType</key>
			<string>text.xcconfig</string>
			<key>name</key>
			<string>Pods-PYNetwork.debug.xcconfig</string>
			<key>path</key>
			<string>Pods/Target Support Files/Pods-PYNetwork/Pods-PYNetwork.debug.xcconfig</string>
			<key>sourceTree</key>
			<string>&lt;group&gt;</string>
		</dict>
		<key>591D0EDC6166D1422A116248</key>
		<dict>
			<key>includeInIndex</key>
			<string>1</string>
			<key>isa</key>
			<string>PBXFileReference</string>
			<key>lastKnownFileType</key>
			<string>text.xcconfig</string>
			<key>name</key>
			<string>Pods-PYNetwork.release.xcconfig</string>
			<key>path</key>
			<string>Pods/Target Support Files/Pods-PYNetwork/Pods-PYNetwork.release.xcconfig</string>
			<key>sourceTree</key>
			<string>&lt;group&gt;</string>
		</dict>
		<key>8639A4C9ECB3609B5B954178</key>
		<dict>
			<key>explicitFileType</key>
			<string>archive.ar</string>
			<key>includeInIndex</key>
			<string>0</string>
			<key>isa</key>
			<string>PBXFileReference</string>
			<key>path</key>
			<string>libPods-PYNetwork.a</string>
			<key>sourceTree</key>
			<string>BUILT_PRODUCTS_DIR</string>
		</dict>
		<key>B331DD691002F41B7106D048</key>
		<dict>
			<key>buildActionMask</key>
			<string>2147483647</string>
			<key>files</key>
			<array/>
			<key>inputPaths</key>
			<array/>
			<key>isa</key>
			<string>PBXShellScriptBuildPhase</string>
			<key>name</key>
			<string>Copy Pods Resources</string>
			<key>outputPaths</key>
			<array/>
			<key>runOnlyForDeploymentPostprocessing</key>
			<string>0</string>
			<key>shellPath</key>
			<string>/bin/sh</string>
			<key>shellScript</key>
			<string>"${SRCROOT}/Pods/Target Support Files/Pods-PYNetwork/Pods-PYNetwork-resources.sh"
</string>
			<key>showEnvVarsInLog</key>
			<string>0</string>
		</dict>
		<key>BBFE38080E1A123919546BDA</key>
		<dict>
			<key>children</key>
			<array>
				<string>32929CC550F1752EB851F07F</string>
				<string>591D0EDC6166D1422A116248</string>
			</array>
			<key>isa</key>
			<string>PBXGroup</string>
			<key>name</key>
			<string>Pods</string>
			<key>sourceTree</key>
			<string>&lt;group&gt;</string>
		</dict>
		<key>E6A0B5241A7535A200240DEC</key>
		<dict>
			<key>fileEncoding</key>
			<string>4</string>
			<key>isa</key>
			<string>PBXFileReference</string>
			<key>lastKnownFileType</key>
			<string>sourcecode.c.h</string>
			<key>path</key>
			<string>PYReachability.h</string>
			<key>sourceTree</key>
			<string>&lt;group&gt;</string>
		</dict>
		<key>E6A0B5251A7535A200240DEC</key>
		<dict>
			<key>fileEncoding</key>
			<string>4</string>
			<key>isa</key>
			<string>PBXFileReference</string>
			<key>lastKnownFileType</key>
			<string>sourcecode.c.objc</string>
			<key>path</key>
			<string>PYReachability.m</string>
			<key>sourceTree</key>
			<string>&lt;group&gt;</string>
		</dict>
		<key>E6A0B5261A7535A200240DEC</key>
		<dict>
			<key>fileRef</key>
			<string>E6A0B5251A7535A200240DEC</string>
			<key>isa</key>
			<string>PBXBuildFile</string>
		</dict>
		<key>E6A0B5271A75644500240DEC</key>
		<dict>
			<key>fileRef</key>
			<string>E6A0B5241A7535A200240DEC</string>
			<key>isa</key>
			<string>PBXBuildFile</string>
		</dict>
		<key>E6FDC105197F97A0005B4C72</key>
		<dict>
			<key>children</key>
			<array>
				<string>E6FDC113197F97A0005B4C72</string>
				<string>E6FDC110197F97A0005B4C72</string>
				<string>E6FDC10F197F97A0005B4C72</string>
				<string>BBFE38080E1A123919546BDA</string>
			</array>
			<key>isa</key>
			<string>PBXGroup</string>
			<key>sourceTree</key>
			<string>&lt;group&gt;</string>
		</dict>
		<key>E6FDC106197F97A0005B4C72</key>
		<dict>
			<key>attributes</key>
			<dict>
				<key>LastUpgradeCheck</key>
				<string>0510</string>
				<key>ORGANIZATIONNAME</key>
				<string>PushLab</string>
			</dict>
			<key>buildConfigurationList</key>
			<string>E6FDC109197F97A0005B4C72</string>
			<key>compatibilityVersion</key>
			<string>Xcode 3.2</string>
			<key>developmentRegion</key>
			<string>English</string>
			<key>hasScannedForEncodings</key>
			<string>0</string>
			<key>isa</key>
			<string>PBXProject</string>
			<key>knownRegions</key>
			<array>
				<string>en</string>
			</array>
			<key>mainGroup</key>
			<string>E6FDC105197F97A0005B4C72</string>
			<key>productRefGroup</key>
			<string>E6FDC10F197F97A0005B4C72</string>
			<key>projectDirPath</key>
			<string></string>
			<key>projectReferences</key>
			<array/>
			<key>projectRoot</key>
			<string></string>
			<key>targets</key>
			<array>
				<string>E6FDC10D197F97A0005B4C72</string>
			</array>
		</dict>
		<key>E6FDC109197F97A0005B4C72</key>
		<dict>
			<key>buildConfigurations</key>
			<array>
				<string>E6FDC12F197F97A0005B4C72</string>
				<string>E6FDC130197F97A0005B4C72</string>
			</array>
			<key>defaultConfigurationIsVisible</key>
			<string>0</string>
			<key>defaultConfigurationName</key>
			<string>Release</string>
			<key>isa</key>
			<string>XCConfigurationList</string>
		</dict>
		<key>E6FDC10A197F97A0005B4C72</key>
		<dict>
			<key>buildActionMask</key>
			<string>2147483647</string>
			<key>files</key>
			<array>
				<string>E6FDC13F1980E6B0005B4C72</string>
				<string>E6FDC13C197FAA64005B4C72</string>
				<string>E6FDC139197F97C2005B4C72</string>
				<string>E6A0B5261A7535A200240DEC</string>
				<string>E6FDC1421980E6B9005B4C72</string>
			</array>
			<key>isa</key>
			<string>PBXSourcesBuildPhase</string>
			<key>runOnlyForDeploymentPostprocessing</key>
			<string>0</string>
		</dict>
		<key>E6FDC10B197F97A0005B4C72</key>
		<dict>
			<key>buildActionMask</key>
			<string>2147483647</string>
			<key>files</key>
			<array>
				<string>E6FDC112197F97A0005B4C72</string>
				<string>0EC23CFC332ECE2026310D58</string>
			</array>
			<key>isa</key>
			<string>PBXFrameworksBuildPhase</string>
			<key>runOnlyForDeploymentPostprocessing</key>
			<string>0</string>
		</dict>
		<key>E6FDC10C197F97A0005B4C72</key>
		<dict>
			<key>buildActionMask</key>
			<string>2147483647</string>
			<key>dstPath</key>
			<string>usr/local/include</string>
			<key>dstSubfolderSpec</key>
			<string>16</string>
			<key>files</key>
			<array>
				<string>E6FDC1461980E8D1005B4C72</string>
				<string>E6FDC1451980E8CD005B4C72</string>
				<string>E6FDC1441980E8CA005B4C72</string>
				<string>E6FDC1431980E8C7005B4C72</string>
				<string>E6FDC117197F97A0005B4C72</string>
				<string>E6A0B5271A75644500240DEC</string>
			</array>
			<key>isa</key>
			<string>PBXCopyFilesBuildPhase</string>
			<key>runOnlyForDeploymentPostprocessing</key>
			<string>0</string>
		</dict>
		<key>E6FDC10D197F97A0005B4C72</key>
		<dict>
			<key>buildConfigurationList</key>
			<string>E6FDC131197F97A0005B4C72</string>
			<key>buildPhases</key>
			<array>
				<string>073C32FA5FB6CC53E3C62763</string>
				<string>E6FDC10A197F97A0005B4C72</string>
				<string>E6FDC10B197F97A0005B4C72</string>
				<string>E6FDC10C197F97A0005B4C72</string>
				<string>B331DD691002F41B7106D048</string>
			</array>
			<key>buildRules</key>
			<array/>
			<key>dependencies</key>
			<array/>
			<key>isa</key>
			<string>PBXNativeTarget</string>
			<key>name</key>
			<string>PYNetwork</string>
			<key>productName</key>
			<string>PYNetwork</string>
			<key>productReference</key>
			<string>E6FDC10E197F97A0005B4C72</string>
			<key>productType</key>
			<string>com.apple.product-type.library.static</string>
		</dict>
		<key>E6FDC10E197F97A0005B4C72</key>
		<dict>
			<key>explicitFileType</key>
			<string>archive.ar</string>
			<key>includeInIndex</key>
			<string>0</string>
			<key>isa</key>
			<string>PBXFileReference</string>
			<key>path</key>
			<string>libPYNetwork.a</string>
			<key>sourceTree</key>
			<string>BUILT_PRODUCTS_DIR</string>
		</dict>
		<key>E6FDC10F197F97A0005B4C72</key>
		<dict>
			<key>children</key>
			<array>
				<string>E6FDC10E197F97A0005B4C72</string>
			</array>
			<key>isa</key>
			<string>PBXGroup</string>
			<key>name</key>
			<string>Products</string>
			<key>sourceTree</key>
			<string>&lt;group&gt;</string>
		</dict>
		<key>E6FDC110197F97A0005B4C72</key>
		<dict>
			<key>children</key>
			<array>
				<string>E6FDC111197F97A0005B4C72</string>
				<string>E6FDC11F197F97A0005B4C72</string>
				<string>E6FDC122197F97A0005B4C72</string>
				<string>8639A4C9ECB3609B5B954178</string>
			</array>
			<key>isa</key>
			<string>PBXGroup</string>
			<key>name</key>
			<string>Frameworks</string>
			<key>sourceTree</key>
			<string>&lt;group&gt;</string>
		</dict>
		<key>E6FDC111197F97A0005B4C72</key>
		<dict>
			<key>isa</key>
			<string>PBXFileReference</string>
			<key>lastKnownFileType</key>
			<string>wrapper.framework</string>
			<key>name</key>
			<string>Foundation.framework</string>
			<key>path</key>
			<string>System/Library/Frameworks/Foundation.framework</string>
			<key>sourceTree</key>
			<string>SDKROOT</string>
		</dict>
		<key>E6FDC112197F97A0005B4C72</key>
		<dict>
			<key>fileRef</key>
			<string>E6FDC111197F97A0005B4C72</string>
			<key>isa</key>
			<string>PBXBuildFile</string>
		</dict>
		<key>E6FDC113197F97A0005B4C72</key>
		<dict>
			<key>children</key>
			<array>
				<string>E6FDC116197F97A0005B4C72</string>
				<string>E6FDC137197F97C2005B4C72</string>
				<string>E6FDC138197F97C2005B4C72</string>
				<string>E6FDC13A197FAA64005B4C72</string>
				<string>E6FDC13B197FAA64005B4C72</string>
				<string>E6FDC13D1980E6B0005B4C72</string>
				<string>E6FDC13E1980E6B0005B4C72</string>
				<string>E6FDC1401980E6B9005B4C72</string>
				<string>E6FDC1411980E6B9005B4C72</string>
				<string>E6FDC114197F97A0005B4C72</string>
				<string>E6A0B5241A7535A200240DEC</string>
				<string>E6A0B5251A7535A200240DEC</string>
			</array>
			<key>isa</key>
			<string>PBXGroup</string>
			<key>path</key>
			<string>PYNetwork</string>
			<key>sourceTree</key>
			<string>&lt;group&gt;</string>
		</dict>
		<key>E6FDC114197F97A0005B4C72</key>
		<dict>
			<key>children</key>
			<array>
				<string>E6FDC115197F97A0005B4C72</string>
			</array>
			<key>isa</key>
			<string>PBXGroup</string>
			<key>name</key>
			<string>Supporting Files</string>
			<key>sourceTree</key>
			<string>&lt;group&gt;</string>
		</dict>
		<key>E6FDC115197F97A0005B4C72</key>
		<dict>
			<key>isa</key>
			<string>PBXFileReference</string>
			<key>lastKnownFileType</key>
			<string>sourcecode.c.h</string>
			<key>path</key>
			<string>PYNetwork-Prefix.pch</string>
			<key>sourceTree</key>
			<string>&lt;group&gt;</string>
		</dict>
		<key>E6FDC116197F97A0005B4C72</key>
		<dict>
			<key>isa</key>
			<string>PBXFileReference</string>
			<key>lastKnownFileType</key>
			<string>sourcecode.c.h</string>
			<key>path</key>
			<string>PYNetwork.h</string>
			<key>sourceTree</key>
			<string>&lt;group&gt;</string>
		</dict>
		<key>E6FDC117197F97A0005B4C72</key>
		<dict>
			<key>fileRef</key>
			<string>E6FDC116197F97A0005B4C72</string>
			<key>isa</key>
			<string>PBXBuildFile</string>
		</dict>
		<key>E6FDC11F197F97A0005B4C72</key>
		<dict>
			<key>isa</key>
			<string>PBXFileReference</string>
			<key>lastKnownFileType</key>
			<string>wrapper.framework</string>
			<key>name</key>
			<string>XCTest.framework</string>
			<key>path</key>
			<string>Library/Frameworks/XCTest.framework</string>
			<key>sourceTree</key>
			<string>DEVELOPER_DIR</string>
		</dict>
		<key>E6FDC122197F97A0005B4C72</key>
		<dict>
			<key>isa</key>
			<string>PBXFileReference</string>
			<key>lastKnownFileType</key>
			<string>wrapper.framework</string>
			<key>name</key>
			<string>UIKit.framework</string>
			<key>path</key>
			<string>Library/Frameworks/UIKit.framework</string>
			<key>sourceTree</key>
			<string>DEVELOPER_DIR</string>
		</dict>
		<key>E6FDC12F197F97A0005B4C72</key>
		<dict>
			<key>buildSettings</key>
			<dict>
				<key>ALWAYS_SEARCH_USER_PATHS</key>
				<string>NO</string>
				<key>CLANG_CXX_LANGUAGE_STANDARD</key>
				<string>gnu++0x</string>
				<key>CLANG_CXX_LIBRARY</key>
				<string>libc++</string>
				<key>CLANG_ENABLE_MODULES</key>
				<string>YES</string>
				<key>CLANG_ENABLE_OBJC_ARC</key>
				<string>YES</string>
				<key>CLANG_WARN_BOOL_CONVERSION</key>
				<string>YES</string>
				<key>CLANG_WARN_CONSTANT_CONVERSION</key>
				<string>YES</string>
				<key>CLANG_WARN_DIRECT_OBJC_ISA_USAGE</key>
				<string>YES_ERROR</string>
				<key>CLANG_WARN_EMPTY_BODY</key>
				<string>YES</string>
				<key>CLANG_WARN_ENUM_CONVERSION</key>
				<string>YES</string>
				<key>CLANG_WARN_INT_CONVERSION</key>
				<string>YES</string>
				<key>CLANG_WARN_OBJC_ROOT_CLASS</key>
				<string>YES_ERROR</string>
				<key>CLANG_WARN__DUPLICATE_METHOD_MATCH</key>
				<string>YES</string>
				<key>COPY_PHASE_STRIP</key>
				<string>NO</string>
				<key>GCC_C_LANGUAGE_STANDARD</key>
				<string>gnu99</string>
				<key>GCC_DYNAMIC_NO_PIC</key>
				<string>NO</string>
				<key>GCC_OPTIMIZATION_LEVEL</key>
				<string>0</string>
				<key>GCC_PREPROCESSOR_DEFINITIONS</key>
				<array>
					<string>DEBUG=1</string>
					<string>$(inherited)</string>
				</array>
				<key>GCC_SYMBOLS_PRIVATE_EXTERN</key>
				<string>NO</string>
				<key>GCC_WARN_64_TO_32_BIT_CONVERSION</key>
				<string>YES</string>
				<key>GCC_WARN_ABOUT_RETURN_TYPE</key>
				<string>YES_ERROR</string>
				<key>GCC_WARN_UNDECLARED_SELECTOR</key>
				<string>YES</string>
				<key>GCC_WARN_UNINITIALIZED_AUTOS</key>
				<string>YES_AGGRESSIVE</string>
				<key>GCC_WARN_UNUSED_FUNCTION</key>
				<string>YES</string>
				<key>GCC_WARN_UNUSED_VARIABLE</key>
				<string>YES</string>
				<key>IPHONEOS_DEPLOYMENT_TARGET</key>
				<string>7.1</string>
				<key>ONLY_ACTIVE_ARCH</key>
				<string>YES</string>
				<key>SDKROOT</key>
				<string>iphoneos</string>
			</dict>
			<key>isa</key>
			<string>XCBuildConfiguration</string>
			<key>name</key>
			<string>Debug</string>
		</dict>
		<key>E6FDC130197F97A0005B4C72</key>
		<dict>
			<key>buildSettings</key>
			<dict>
				<key>ALWAYS_SEARCH_USER_PATHS</key>
				<string>NO</string>
				<key>CLANG_CXX_LANGUAGE_STANDARD</key>
				<string>gnu++0x</string>
				<key>CLANG_CXX_LIBRARY</key>
				<string>libc++</string>
				<key>CLANG_ENABLE_MODULES</key>
				<string>YES</string>
				<key>CLANG_ENABLE_OBJC_ARC</key>
				<string>YES</string>
				<key>CLANG_WARN_BOOL_CONVERSION</key>
				<string>YES</string>
				<key>CLANG_WARN_CONSTANT_CONVERSION</key>
				<string>YES</string>
				<key>CLANG_WARN_DIRECT_OBJC_ISA_USAGE</key>
				<string>YES_ERROR</string>
				<key>CLANG_WARN_EMPTY_BODY</key>
				<string>YES</string>
				<key>CLANG_WARN_ENUM_CONVERSION</key>
				<string>YES</string>
				<key>CLANG_WARN_INT_CONVERSION</key>
				<string>YES</string>
				<key>CLANG_WARN_OBJC_ROOT_CLASS</key>
				<string>YES_ERROR</string>
				<key>CLANG_WARN__DUPLICATE_METHOD_MATCH</key>
				<string>YES</string>
				<key>COPY_PHASE_STRIP</key>
				<string>YES</string>
				<key>ENABLE_NS_ASSERTIONS</key>
				<string>NO</string>
				<key>GCC_C_LANGUAGE_STANDARD</key>
				<string>gnu99</string>
				<key>GCC_WARN_64_TO_32_BIT_CONVERSION</key>
				<string>YES</string>
				<key>GCC_WARN_ABOUT_RETURN_TYPE</key>
				<string>YES_ERROR</string>
				<key>GCC_WARN_UNDECLARED_SELECTOR</key>
				<string>YES</string>
				<key>GCC_WARN_UNINITIALIZED_AUTOS</key>
				<string>YES_AGGRESSIVE</string>
				<key>GCC_WARN_UNUSED_FUNCTION</key>
				<string>YES</string>
				<key>GCC_WARN_UNUSED_VARIABLE</key>
				<string>YES</string>
				<key>IPHONEOS_DEPLOYMENT_TARGET</key>
				<string>7.1</string>
				<key>SDKROOT</key>
				<string>iphoneos</string>
				<key>VALIDATE_PRODUCT</key>
				<string>YES</string>
			</dict>
			<key>isa</key>
			<string>XCBuildConfiguration</string>
			<key>name</key>
			<string>Release</string>
		</dict>
		<key>E6FDC131197F97A0005B4C72</key>
		<dict>
			<key>buildConfigurations</key>
			<array>
				<string>E6FDC132197F97A0005B4C72</string>
				<string>E6FDC133197F97A0005B4C72</string>
			</array>
			<key>defaultConfigurationIsVisible</key>
			<string>0</string>
			<key>defaultConfigurationName</key>
			<string>Release</string>
			<key>isa</key>
			<string>XCConfigurationList</string>
		</dict>
		<key>E6FDC132197F97A0005B4C72</key>
		<dict>
			<key>baseConfigurationReference</key>
			<string>32929CC550F1752EB851F07F</string>
			<key>buildSettings</key>
			<dict>
				<key>DSTROOT</key>
				<string>/tmp/PYNetwork.dst</string>
				<key>GCC_PRECOMPILE_PREFIX_HEADER</key>
				<string>YES</string>
				<key>GCC_PREFIX_HEADER</key>
				<string>PYNetwork/PYNetwork-Prefix.pch</string>
				<key>OTHER_LDFLAGS</key>
				<string>$(inherited)</string>
				<key>PRODUCT_NAME</key>
				<string>$(TARGET_NAME)</string>
				<key>SKIP_INSTALL</key>
				<string>YES</string>
			</dict>
			<key>isa</key>
			<string>XCBuildConfiguration</string>
			<key>name</key>
			<string>Debug</string>
		</dict>
		<key>E6FDC133197F97A0005B4C72</key>
		<dict>
			<key>baseConfigurationReference</key>
			<string>591D0EDC6166D1422A116248</string>
			<key>buildSettings</key>
			<dict>
				<key>DSTROOT</key>
				<string>/tmp/PYNetwork.dst</string>
				<key>GCC_PRECOMPILE_PREFIX_HEADER</key>
				<string>YES</string>
				<key>GCC_PREFIX_HEADER</key>
				<string>PYNetwork/PYNetwork-Prefix.pch</string>
				<key>OTHER_LDFLAGS</key>
				<string>$(inherited)</string>
				<key>PRODUCT_NAME</key>
				<string>$(TARGET_NAME)</string>
				<key>SKIP_INSTALL</key>
				<string>YES</string>
			</dict>
			<key>isa</key>
			<string>XCBuildConfiguration</string>
			<key>name</key>
			<string>Release</string>
		</dict>
		<key>E6FDC137197F97C2005B4C72</key>
		<dict>
			<key>fileEncoding</key>
			<string>4</string>
			<key>isa</key>
			<string>PBXFileReference</string>
			<key>lastKnownFileType</key>
			<string>sourcecode.c.h</string>
			<key>path</key>
			<string>PYDomainSwitcher.h</string>
			<key>sourceTree</key>
			<string>&lt;group&gt;</string>
		</dict>
		<key>E6FDC138197F97C2005B4C72</key>
		<dict>
			<key>fileEncoding</key>
			<string>4</string>
			<key>isa</key>
			<string>PBXFileReference</string>
			<key>lastKnownFileType</key>
			<string>sourcecode.c.objc</string>
			<key>path</key>
			<string>PYDomainSwitcher.m</string>
			<key>sourceTree</key>
			<string>&lt;group&gt;</string>
		</dict>
		<key>E6FDC139197F97C2005B4C72</key>
		<dict>
			<key>fileRef</key>
			<string>E6FDC138197F97C2005B4C72</string>
			<key>isa</key>
			<string>PBXBuildFile</string>
		</dict>
		<key>E6FDC13A197FAA64005B4C72</key>
		<dict>
			<key>fileEncoding</key>
			<string>4</string>
			<key>isa</key>
			<string>PBXFileReference</string>
			<key>lastKnownFileType</key>
			<string>sourcecode.c.h</string>
			<key>path</key>
			<string>PYApiRequest.h</string>
			<key>sourceTree</key>
			<string>&lt;group&gt;</string>
		</dict>
		<key>E6FDC13B197FAA64005B4C72</key>
		<dict>
			<key>fileEncoding</key>
			<string>4</string>
			<key>isa</key>
			<string>PBXFileReference</string>
			<key>lastKnownFileType</key>
			<string>sourcecode.c.objc</string>
			<key>path</key>
			<string>PYApiRequest.m</string>
			<key>sourceTree</key>
			<string>&lt;group&gt;</string>
		</dict>
		<key>E6FDC13C197FAA64005B4C72</key>
		<dict>
			<key>fileRef</key>
			<string>E6FDC13B197FAA64005B4C72</string>
			<key>isa</key>
			<string>PBXBuildFile</string>
		</dict>
		<key>E6FDC13D1980E6B0005B4C72</key>
		<dict>
			<key>fileEncoding</key>
			<string>4</string>
			<key>isa</key>
			<string>PBXFileReference</string>
			<key>lastKnownFileType</key>
			<string>sourcecode.c.h</string>
			<key>path</key>
			<string>PYApiResponse.h</string>
			<key>sourceTree</key>
			<string>&lt;group&gt;</string>
		</dict>
		<key>E6FDC13E1980E6B0005B4C72</key>
		<dict>
			<key>fileEncoding</key>
			<string>4</string>
			<key>isa</key>
			<string>PBXFileReference</string>
			<key>lastKnownFileType</key>
			<string>sourcecode.c.objc</string>
			<key>path</key>
			<string>PYApiResponse.m</string>
			<key>sourceTree</key>
			<string>&lt;group&gt;</string>
		</dict>
		<key>E6FDC13F1980E6B0005B4C72</key>
		<dict>
			<key>fileRef</key>
			<string>E6FDC13E1980E6B0005B4C72</string>
			<key>isa</key>
			<string>PBXBuildFile</string>
		</dict>
		<key>E6FDC1401980E6B9005B4C72</key>
		<dict>
			<key>fileEncoding</key>
			<string>4</string>
			<key>isa</key>
			<string>PBXFileReference</string>
			<key>lastKnownFileType</key>
			<string>sourcecode.c.h</string>
			<key>path</key>
			<string>PYApiManager.h</string>
			<key>sourceTree</key>
			<string>&lt;group&gt;</string>
		</dict>
		<key>E6FDC1411980E6B9005B4C72</key>
		<dict>
			<key>fileEncoding</key>
			<string>4</string>
			<key>isa</key>
			<string>PBXFileReference</string>
			<key>lastKnownFileType</key>
			<string>sourcecode.c.objc</string>
			<key>path</key>
			<string>PYApiManager.m</string>
			<key>sourceTree</key>
			<string>&lt;group&gt;</string>
		</dict>
		<key>E6FDC1421980E6B9005B4C72</key>
		<dict>
			<key>fileRef</key>
			<string>E6FDC1411980E6B9005B4C72</string>
			<key>isa</key>
			<string>PBXBuildFile</string>
		</dict>
		<key>E6FDC1431980E8C7005B4C72</key>
		<dict>
			<key>fileRef</key>
			<string>E6FDC137197F97C2005B4C72</string>
			<key>isa</key>
			<string>PBXBuildFile</string>
		</dict>
		<key>E6FDC1441980E8CA005B4C72</key>
		<dict>
			<key>fileRef</key>
			<string>E6FDC13A197FAA64005B4C72</string>
			<key>isa</key>
			<string>PBXBuildFile</string>
		</dict>
		<key>E6FDC1451980E8CD005B4C72</key>
		<dict>
			<key>fileRef</key>
			<string>E6FDC13D1980E6B0005B4C72</string>
			<key>isa</key>
			<string>PBXBuildFile</string>
		</dict>
		<key>E6FDC1461980E8D1005B4C72</key>
		<dict>
			<key>fileRef</key>
			<string>E6FDC1401980E6B9005B4C72</string>
			<key>isa</key>
			<string>PBXBuildFile</string>
		</dict>
	</dict>
	<key>rootObject</key>
	<string>E6FDC106197F97A0005B4C72</string>
</dict>
</plist>
